
Microsoft Visual Studio Solution File, Format Version 12.00
# Visual Studio Version 17
VisualStudioVersion = 17.0.31903.59
MinimumVisualStudioVersion = 10.0.40219.1
Project("{2150E333-8FDC-42A3-9474-1A3956D46DE8}") = "src", "src", "{62B05ECE-E468-45AA-9C90-685078BE71FC}"
EndProject
Project("{2150E333-8FDC-42A3-9474-1A3956D46DE8}") = "Services", "Services", "{9B6B3338-8871-4296-ACDF-12CF9E1216A1}"
EndProject
Project("{2150E333-8FDC-42A3-9474-1A3956D46DE8}") = "Catalog", "Catalog", "{824E71E4-6C66-4DE0-9624-FBB5FCA8C695}"
EndProject
Project("{FAE04EC0-301F-11D3-BF4B-00C04F79EFBC}") = "Catalog.API", "src\Services\Catalog\Catalog.API\Catalog.API.csproj", "{B997CD7F-C59A-4A3F-AC92-8A99E9307E7E}"
EndProject
Project("{FAE04EC0-301F-11D3-BF4B-00C04F79EFBC}") = "Catalog.Application", "src\Services\Catalog\Catalog.Application\Catalog.Application.csproj", "{EE0E3B66-10C9-49D8-A9C6-13B172D5F0E5}"
EndProject
Project("{FAE04EC0-301F-11D3-BF4B-00C04F79EFBC}") = "Catalog.Core", "src\Services\Catalog\Catalog.Core\Catalog.Core.csproj", "{8BF467D5-0D2D-4E39-8C0C-BA18AEAA1D4A}"
EndProject
Project("{FAE04EC0-301F-11D3-BF4B-00C04F79EFBC}") = "Catalog.Infrastructure", "src\Services\Catalog\Catalog.Infrastructure\Catalog.Infrastructure.csproj", "{D96B533A-6997-4C79-87E7-1DA6B1D1977B}"
EndProject
Project("{2150E333-8FDC-42A3-9474-1A3956D46DE8}") = "Identity", "Identity", "{2B8D8AF7-175C-4AA7-977D-6AC907F74113}"
EndProject
Project("{FAE04EC0-301F-11D3-BF4B-00C04F79EFBC}") = "Identity.API", "src\Services\Identity\Identity.API\Identity.API.csproj", "{4D2F3DFA-5F7E-46E3-A88A-B6E569170A5A}"
EndProject
Project("{FAE04EC0-301F-11D3-BF4B-00C04F79EFBC}") = "Identity.Application", "src\Services\Identity\Identity.Application\Identity.Application.csproj", "{B5A81602-42CE-4475-B17F-2C1C7607B719}"
EndProject
Project("{FAE04EC0-301F-11D3-BF4B-00C04F79EFBC}") = "Identity.Core", "src\Services\Identity\Identity.Core\Identity.Core.csproj", "{C4E33CF4-A526-432C-9F92-0252C4B73171}"
EndProject
Project("{FAE04EC0-301F-11D3-BF4B-00C04F79EFBC}") = "Identity.Infrastructure", "src\Services\Identity\Identity.Infrastructure\Identity.Infrastructure.csproj", "{BE87694F-F20A-4D6D-B760-22D124356B73}"
EndProject
Project("{2150E333-8FDC-42A3-9474-1A3956D46DE8}") = "Order", "Order", "{0CE65DCA-162D-4EB4-8D68-46E997A1EC11}"
EndProject
Project("{FAE04EC0-301F-11D3-BF4B-00C04F79EFBC}") = "Order.API", "src\Services\Order\Order.API\Order.API.csproj", "{69FF33B8-E63F-443D-8E59-676F9F4EF6DE}"
EndProject
Project("{FAE04EC0-301F-11D3-BF4B-00C04F79EFBC}") = "Order.Application", "src\Services\Order\Order.Application\Order.Application.csproj", "{962706EA-1AB6-445B-A0D8-D81A0E0BD05C}"
EndProject
Project("{FAE04EC0-301F-11D3-BF4B-00C04F79EFBC}") = "Order.Core", "src\Services\Order\Order.Core\Order.Core.csproj", "{51D58FEF-4818-4D66-8B55-B34112924E34}"
EndProject
Project("{FAE04EC0-301F-11D3-BF4B-00C04F79EFBC}") = "Order.Infrastructure", "src\Services\Order\Order.Infrastructure\Order.Infrastructure.csproj", "{DFAD33D5-C75E-4642-B0D5-3189C1AD3A27}"
EndProject
Project("{2150E333-8FDC-42A3-9474-1A3956D46DE8}") = "Payment", "Payment", "{ACA3F780-C29C-4428-8195-FFF9F5076B7D}"
EndProject
Project("{FAE04EC0-301F-11D3-BF4B-00C04F79EFBC}") = "Payment.API", "src\Services\Payment\Payment.API\Payment.API.csproj", "{677F9897-5FE7-49AA-8641-43748995B79E}"
EndProject
Project("{FAE04EC0-301F-11D3-BF4B-00C04F79EFBC}") = "Payment.Application", "src\Services\Payment\Payment.Application\Payment.Application.csproj", "{FE09E4E0-6DF6-406A-9C7B-7F18B619F0FA}"
EndProject
Project("{FAE04EC0-301F-11D3-BF4B-00C04F79EFBC}") = "Payment.Core", "src\Services\Payment\Payment.Core\Payment.Core.csproj", "{5DE0753A-F8D2-41FB-9BFD-76103DD6F055}"
EndProject
Project("{FAE04EC0-301F-11D3-BF4B-00C04F79EFBC}") = "Payment.Infrastructure", "src\Services\Payment\Payment.Infrastructure\Payment.Infrastructure.csproj", "{E9F8D5DD-C75A-477F-B41C-7D163A4891A7}"
EndProject
Project("{2150E333-8FDC-42A3-9474-1A3956D46DE8}") = "Inventory", "Inventory", "{3F1D9A7C-FE25-4C28-84A5-3AF21270C9D6}"
EndProject
Project("{FAE04EC0-301F-11D3-BF4B-00C04F79EFBC}") = "Inventory.API", "src\Services\Inventory\Inventory.API\Inventory.API.csproj", "{6538926F-B4D5-429E-A298-ADD10799294D}"
EndProject
Project("{FAE04EC0-301F-11D3-BF4B-00C04F79EFBC}") = "Inventory.Application", "src\Services\Inventory\Inventory.Application\Inventory.Application.csproj", "{69F31ACF-263A-4C0D-BB1A-EE1E658E0925}"
EndProject
Project("{FAE04EC0-301F-11D3-BF4B-00C04F79EFBC}") = "Inventory.Core", "src\Services\Inventory\Inventory.Core\Inventory.Core.csproj", "{44736D9C-7769-421B-B75C-87A0F7A15754}"
EndProject
Project("{FAE04EC0-301F-11D3-BF4B-00C04F79EFBC}") = "Inventory.Infrastructure", "src\Services\Inventory\Inventory.Infrastructure\Inventory.Infrastructure.csproj", "{46305865-853D-4F16-8C61-D65BD590694D}"
EndProject
Project("{2150E333-8FDC-42A3-9474-1A3956D46DE8}") = "Basket", "Basket", "{2AEFCFB0-86AA-47D1-AE8F-D649D3196C0A}"
EndProject
Project("{FAE04EC0-301F-11D3-BF4B-00C04F79EFBC}") = "Basket.API", "src\Services\Basket\Basket.API\Basket.API.csproj", "{8B972A28-10F4-4258-86E9-9D8B77664A0E}"
EndProject
Project("{FAE04EC0-301F-11D3-BF4B-00C04F79EFBC}") = "Basket.Core", "src\Services\Basket\Basket.Core\Basket.Core.csproj", "{0EC19006-052D-4FB3-B1C6-B26611BE15E0}"
EndProject
Project("{FAE04EC0-301F-11D3-BF4B-00C04F79EFBC}") = "Basket.Application", "src\Services\Basket\Basket.Application\Basket.Application.csproj", "{07AEB2C4-FA9E-4D56-851F-FBEBFE8CC262}"
EndProject
Project("{FAE04EC0-301F-11D3-BF4B-00C04F79EFBC}") = "Basket.Infrastructure", "src\Services\Basket\Basket.Infrastructure\Basket.Infrastructure.csproj", "{3428ED49-61D8-4CE7-9FE9-FE6D0246B80C}"
EndProject
Global
	GlobalSection(SolutionConfigurationPlatforms) = preSolution
		Debug|Any CPU = Debug|Any CPU
		Release|Any CPU = Release|Any CPU
	EndGlobalSection
	GlobalSection(SolutionProperties) = preSolution
		HideSolutionNode = FALSE
	EndGlobalSection
	GlobalSection(ProjectConfigurationPlatforms) = postSolution
		{B997CD7F-C59A-4A3F-AC92-8A99E9307E7E}.Debug|Any CPU.ActiveCfg = Debug|Any CPU
		{B997CD7F-C59A-4A3F-AC92-8A99E9307E7E}.Debug|Any CPU.Build.0 = Debug|Any CPU
		{B997CD7F-C59A-4A3F-AC92-8A99E9307E7E}.Release|Any CPU.ActiveCfg = Release|Any CPU
		{B997CD7F-C59A-4A3F-AC92-8A99E9307E7E}.Release|Any CPU.Build.0 = Release|Any CPU
		{EE0E3B66-10C9-49D8-A9C6-13B172D5F0E5}.Debug|Any CPU.ActiveCfg = Debug|Any CPU
		{EE0E3B66-10C9-49D8-A9C6-13B172D5F0E5}.Debug|Any CPU.Build.0 = Debug|Any CPU
		{EE0E3B66-10C9-49D8-A9C6-13B172D5F0E5}.Release|Any CPU.ActiveCfg = Release|Any CPU
		{EE0E3B66-10C9-49D8-A9C6-13B172D5F0E5}.Release|Any CPU.Build.0 = Release|Any CPU
		{8BF467D5-0D2D-4E39-8C0C-BA18AEAA1D4A}.Debug|Any CPU.ActiveCfg = Debug|Any CPU
		{8BF467D5-0D2D-4E39-8C0C-BA18AEAA1D4A}.Debug|Any CPU.Build.0 = Debug|Any CPU
		{8BF467D5-0D2D-4E39-8C0C-BA18AEAA1D4A}.Release|Any CPU.ActiveCfg = Release|Any CPU
		{8BF467D5-0D2D-4E39-8C0C-BA18AEAA1D4A}.Release|Any CPU.Build.0 = Release|Any CPU
		{D96B533A-6997-4C79-87E7-1DA6B1D1977B}.Debug|Any CPU.ActiveCfg = Debug|Any CPU
		{D96B533A-6997-4C79-87E7-1DA6B1D1977B}.Debug|Any CPU.Build.0 = Debug|Any CPU
		{D96B533A-6997-4C79-87E7-1DA6B1D1977B}.Release|Any CPU.ActiveCfg = Release|Any CPU
		{D96B533A-6997-4C79-87E7-1DA6B1D1977B}.Release|Any CPU.Build.0 = Release|Any CPU
		{4D2F3DFA-5F7E-46E3-A88A-B6E569170A5A}.Debug|Any CPU.ActiveCfg = Debug|Any CPU
		{4D2F3DFA-5F7E-46E3-A88A-B6E569170A5A}.Debug|Any CPU.Build.0 = Debug|Any CPU
		{4D2F3DFA-5F7E-46E3-A88A-B6E569170A5A}.Release|Any CPU.ActiveCfg = Release|Any CPU
		{4D2F3DFA-5F7E-46E3-A88A-B6E569170A5A}.Release|Any CPU.Build.0 = Release|Any CPU
		{B5A81602-42CE-4475-B17F-2C1C7607B719}.Debug|Any CPU.ActiveCfg = Debug|Any CPU
		{B5A81602-42CE-4475-B17F-2C1C7607B719}.Debug|Any CPU.Build.0 = Debug|Any CPU
		{B5A81602-42CE-4475-B17F-2C1C7607B719}.Release|Any CPU.ActiveCfg = Release|Any CPU
		{B5A81602-42CE-4475-B17F-2C1C7607B719}.Release|Any CPU.Build.0 = Release|Any CPU
		{C4E33CF4-A526-432C-9F92-0252C4B73171}.Debug|Any CPU.ActiveCfg = Debug|Any CPU
		{C4E33CF4-A526-432C-9F92-0252C4B73171}.Debug|Any CPU.Build.0 = Debug|Any CPU
		{C4E33CF4-A526-432C-9F92-0252C4B73171}.Release|Any CPU.ActiveCfg = Release|Any CPU
		{C4E33CF4-A526-432C-9F92-0252C4B73171}.Release|Any CPU.Build.0 = Release|Any CPU
		{BE87694F-F20A-4D6D-B760-22D124356B73}.Debug|Any CPU.ActiveCfg = Debug|Any CPU
		{BE87694F-F20A-4D6D-B760-22D124356B73}.Debug|Any CPU.Build.0 = Debug|Any CPU
		{BE87694F-F20A-4D6D-B760-22D124356B73}.Release|Any CPU.ActiveCfg = Release|Any CPU
		{BE87694F-F20A-4D6D-B760-22D124356B73}.Release|Any CPU.Build.0 = Release|Any CPU
		{69FF33B8-E63F-443D-8E59-676F9F4EF6DE}.Debug|Any CPU.ActiveCfg = Debug|Any CPU
		{69FF33B8-E63F-443D-8E59-676F9F4EF6DE}.Debug|Any CPU.Build.0 = Debug|Any CPU
		{69FF33B8-E63F-443D-8E59-676F9F4EF6DE}.Release|Any CPU.ActiveCfg = Release|Any CPU
		{69FF33B8-E63F-443D-8E59-676F9F4EF6DE}.Release|Any CPU.Build.0 = Release|Any CPU
		{962706EA-1AB6-445B-A0D8-D81A0E0BD05C}.Debug|Any CPU.ActiveCfg = Debug|Any CPU
		{962706EA-1AB6-445B-A0D8-D81A0E0BD05C}.Debug|Any CPU.Build.0 = Debug|Any CPU
		{962706EA-1AB6-445B-A0D8-D81A0E0BD05C}.Release|Any CPU.ActiveCfg = Release|Any CPU
		{962706EA-1AB6-445B-A0D8-D81A0E0BD05C}.Release|Any CPU.Build.0 = Release|Any CPU
		{51D58FEF-4818-4D66-8B55-B34112924E34}.Debug|Any CPU.ActiveCfg = Debug|Any CPU
		{51D58FEF-4818-4D66-8B55-B34112924E34}.Debug|Any CPU.Build.0 = Debug|Any CPU
		{51D58FEF-4818-4D66-8B55-B34112924E34}.Release|Any CPU.ActiveCfg = Release|Any CPU
		{51D58FEF-4818-4D66-8B55-B34112924E34}.Release|Any CPU.Build.0 = Release|Any CPU
		{DFAD33D5-C75E-4642-B0D5-3189C1AD3A27}.Debug|Any CPU.ActiveCfg = Debug|Any CPU
		{DFAD33D5-C75E-4642-B0D5-3189C1AD3A27}.Debug|Any CPU.Build.0 = Debug|Any CPU
		{DFAD33D5-C75E-4642-B0D5-3189C1AD3A27}.Release|Any CPU.ActiveCfg = Release|Any CPU
		{DFAD33D5-C75E-4642-B0D5-3189C1AD3A27}.Release|Any CPU.Build.0 = Release|Any CPU
		{677F9897-5FE7-49AA-8641-43748995B79E}.Debug|Any CPU.ActiveCfg = Debug|Any CPU
		{677F9897-5FE7-49AA-8641-43748995B79E}.Debug|Any CPU.Build.0 = Debug|Any CPU
		{677F9897-5FE7-49AA-8641-43748995B79E}.Release|Any CPU.ActiveCfg = Release|Any CPU
		{677F9897-5FE7-49AA-8641-43748995B79E}.Release|Any CPU.Build.0 = Release|Any CPU
		{FE09E4E0-6DF6-406A-9C7B-7F18B619F0FA}.Debug|Any CPU.ActiveCfg = Debug|Any CPU
		{FE09E4E0-6DF6-406A-9C7B-7F18B619F0FA}.Debug|Any CPU.Build.0 = Debug|Any CPU
		{FE09E4E0-6DF6-406A-9C7B-7F18B619F0FA}.Release|Any CPU.ActiveCfg = Release|Any CPU
		{FE09E4E0-6DF6-406A-9C7B-7F18B619F0FA}.Release|Any CPU.Build.0 = Release|Any CPU
		{5DE0753A-F8D2-41FB-9BFD-76103DD6F055}.Debug|Any CPU.ActiveCfg = Debug|Any CPU
		{5DE0753A-F8D2-41FB-9BFD-76103DD6F055}.Debug|Any CPU.Build.0 = Debug|Any CPU
		{5DE0753A-F8D2-41FB-9BFD-76103DD6F055}.Release|Any CPU.ActiveCfg = Release|Any CPU
		{5DE0753A-F8D2-41FB-9BFD-76103DD6F055}.Release|Any CPU.Build.0 = Release|Any CPU
		{E9F8D5DD-C75A-477F-B41C-7D163A4891A7}.Debug|Any CPU.ActiveCfg = Debug|Any CPU
		{E9F8D5DD-C75A-477F-B41C-7D163A4891A7}.Debug|Any CPU.Build.0 = Debug|Any CPU
		{E9F8D5DD-C75A-477F-B41C-7D163A4891A7}.Release|Any CPU.ActiveCfg = Release|Any CPU
		{E9F8D5DD-C75A-477F-B41C-7D163A4891A7}.Release|Any CPU.Build.0 = Release|Any CPU
		{6538926F-B4D5-429E-A298-ADD10799294D}.Debug|Any CPU.ActiveCfg = Debug|Any CPU
		{6538926F-B4D5-429E-A298-ADD10799294D}.Debug|Any CPU.Build.0 = Debug|Any CPU
		{6538926F-B4D5-429E-A298-ADD10799294D}.Release|Any CPU.ActiveCfg = Release|Any CPU
		{6538926F-B4D5-429E-A298-ADD10799294D}.Release|Any CPU.Build.0 = Release|Any CPU
		{69F31ACF-263A-4C0D-BB1A-EE1E658E0925}.Debug|Any CPU.ActiveCfg = Debug|Any CPU
		{69F31ACF-263A-4C0D-BB1A-EE1E658E0925}.Debug|Any CPU.Build.0 = Debug|Any CPU
		{69F31ACF-263A-4C0D-BB1A-EE1E658E0925}.Release|Any CPU.ActiveCfg = Release|Any CPU
		{69F31ACF-263A-4C0D-BB1A-EE1E658E0925}.Release|Any CPU.Build.0 = Release|Any CPU
		{44736D9C-7769-421B-B75C-87A0F7A15754}.Debug|Any CPU.ActiveCfg = Debug|Any CPU
		{44736D9C-7769-421B-B75C-87A0F7A15754}.Debug|Any CPU.Build.0 = Debug|Any CPU
		{44736D9C-7769-421B-B75C-87A0F7A15754}.Release|Any CPU.ActiveCfg = Release|Any CPU
		{44736D9C-7769-421B-B75C-87A0F7A15754}.Release|Any CPU.Build.0 = Release|Any CPU
		{46305865-853D-4F16-8C61-D65BD590694D}.Debug|Any CPU.ActiveCfg = Debug|Any CPU
		{46305865-853D-4F16-8C61-D65BD590694D}.Debug|Any CPU.Build.0 = Debug|Any CPU
		{46305865-853D-4F16-8C61-D65BD590694D}.Release|Any CPU.ActiveCfg = Release|Any CPU
		{46305865-853D-4F16-8C61-D65BD590694D}.Release|Any CPU.Build.0 = Release|Any CPU
		{8B972A28-10F4-4258-86E9-9D8B77664A0E}.Debug|Any CPU.ActiveCfg = Debug|Any CPU
		{8B972A28-10F4-4258-86E9-9D8B77664A0E}.Debug|Any CPU.Build.0 = Debug|Any CPU
		{8B972A28-10F4-4258-86E9-9D8B77664A0E}.Release|Any CPU.ActiveCfg = Release|Any CPU
		{8B972A28-10F4-4258-86E9-9D8B77664A0E}.Release|Any CPU.Build.0 = Release|Any CPU
		{0EC19006-052D-4FB3-B1C6-B26611BE15E0}.Debug|Any CPU.ActiveCfg = Debug|Any CPU
		{0EC19006-052D-4FB3-B1C6-B26611BE15E0}.Debug|Any CPU.Build.0 = Debug|Any CPU
		{0EC19006-052D-4FB3-B1C6-B26611BE15E0}.Release|Any CPU.ActiveCfg = Release|Any CPU
		{0EC19006-052D-4FB3-B1C6-B26611BE15E0}.Release|Any CPU.Build.0 = Release|Any CPU
		{07AEB2C4-FA9E-4D56-851F-FBEBFE8CC262}.Debug|Any CPU.ActiveCfg = Debug|Any CPU
		{07AEB2C4-FA9E-4D56-851F-FBEBFE8CC262}.Debug|Any CPU.Build.0 = Debug|Any CPU
		{07AEB2C4-FA9E-4D56-851F-FBEBFE8CC262}.Release|Any CPU.ActiveCfg = Release|Any CPU
		{07AEB2C4-FA9E-4D56-851F-FBEBFE8CC262}.Release|Any CPU.Build.0 = Release|Any CPU
		{3428ED49-61D8-4CE7-9FE9-FE6D0246B80C}.Debug|Any CPU.ActiveCfg = Debug|Any CPU
		{3428ED49-61D8-4CE7-9FE9-FE6D0246B80C}.Debug|Any CPU.Build.0 = Debug|Any CPU
		{3428ED49-61D8-4CE7-9FE9-FE6D0246B80C}.Release|Any CPU.ActiveCfg = Release|Any CPU
		{3428ED49-61D8-4CE7-9FE9-FE6D0246B80C}.Release|Any CPU.Build.0 = Release|Any CPU
	EndGlobalSection
	GlobalSection(NestedProjects) = preSolution
		{9B6B3338-8871-4296-ACDF-12CF9E1216A1} = {62B05ECE-E468-45AA-9C90-685078BE71FC}
		{824E71E4-6C66-4DE0-9624-FBB5FCA8C695} = {9B6B3338-8871-4296-ACDF-12CF9E1216A1}
		{B997CD7F-C59A-4A3F-AC92-8A99E9307E7E} = {824E71E4-6C66-4DE0-9624-FBB5FCA8C695}
		{EE0E3B66-10C9-49D8-A9C6-13B172D5F0E5} = {824E71E4-6C66-4DE0-9624-FBB5FCA8C695}
		{8BF467D5-0D2D-4E39-8C0C-BA18AEAA1D4A} = {824E71E4-6C66-4DE0-9624-FBB5FCA8C695}
		{D96B533A-6997-4C79-87E7-1DA6B1D1977B} = {824E71E4-6C66-4DE0-9624-FBB5FCA8C695}
		{2B8D8AF7-175C-4AA7-977D-6AC907F74113} = {9B6B3338-8871-4296-ACDF-12CF9E1216A1}
		{4D2F3DFA-5F7E-46E3-A88A-B6E569170A5A} = {2B8D8AF7-175C-4AA7-977D-6AC907F74113}
		{B5A81602-42CE-4475-B17F-2C1C7607B719} = {2B8D8AF7-175C-4AA7-977D-6AC907F74113}
		{C4E33CF4-A526-432C-9F92-0252C4B73171} = {2B8D8AF7-175C-4AA7-977D-6AC907F74113}
		{BE87694F-F20A-4D6D-B760-22D124356B73} = {2B8D8AF7-175C-4AA7-977D-6AC907F74113}
		{0CE65DCA-162D-4EB4-8D68-46E997A1EC11} = {9B6B3338-8871-4296-ACDF-12CF9E1216A1}
		{69FF33B8-E63F-443D-8E59-676F9F4EF6DE} = {0CE65DCA-162D-4EB4-8D68-46E997A1EC11}
		{962706EA-1AB6-445B-A0D8-D81A0E0BD05C} = {0CE65DCA-162D-4EB4-8D68-46E997A1EC11}
		{51D58FEF-4818-4D66-8B55-B34112924E34} = {0CE65DCA-162D-4EB4-8D68-46E997A1EC11}
		{DFAD33D5-C75E-4642-B0D5-3189C1AD3A27} = {0CE65DCA-162D-4EB4-8D68-46E997A1EC11}
		{ACA3F780-C29C-4428-8195-FFF9F5076B7D} = {9B6B3338-8871-4296-ACDF-12CF9E1216A1}
		{677F9897-5FE7-49AA-8641-43748995B79E} = {ACA3F780-C29C-4428-8195-FFF9F5076B7D}
		{FE09E4E0-6DF6-406A-9C7B-7F18B619F0FA} = {ACA3F780-C29C-4428-8195-FFF9F5076B7D}
		{5DE0753A-F8D2-41FB-9BFD-76103DD6F055} = {ACA3F780-C29C-4428-8195-FFF9F5076B7D}
		{E9F8D5DD-C75A-477F-B41C-7D163A4891A7} = {ACA3F780-C29C-4428-8195-FFF9F5076B7D}
		{3F1D9A7C-FE25-4C28-84A5-3AF21270C9D6} = {9B6B3338-8871-4296-ACDF-12CF9E1216A1}
		{6538926F-B4D5-429E-A298-ADD10799294D} = {3F1D9A7C-FE25-4C28-84A5-3AF21270C9D6}
		{69F31ACF-263A-4C0D-BB1A-EE1E658E0925} = {3F1D9A7C-FE25-4C28-84A5-3AF21270C9D6}
		{44736D9C-7769-421B-B75C-87A0F7A15754} = {3F1D9A7C-FE25-4C28-84A5-3AF21270C9D6}
		{46305865-853D-4F16-8C61-D65BD590694D} = {3F1D9A7C-FE25-4C28-84A5-3AF21270C9D6}
		{2AEFCFB0-86AA-47D1-AE8F-D649D3196C0A} = {9B6B3338-8871-4296-ACDF-12CF9E1216A1}
		{8B972A28-10F4-4258-86E9-9D8B77664A0E} = {2AEFCFB0-86AA-47D1-AE8F-D649D3196C0A}
		{0EC19006-052D-4FB3-B1C6-B26611BE15E0} = {2AEFCFB0-86AA-47D1-AE8F-D649D3196C0A}
		{07AEB2C4-FA9E-4D56-851F-FBEBFE8CC262} = {2AEFCFB0-86AA-47D1-AE8F-D649D3196C0A}
		{3428ED49-61D8-4CE7-9FE9-FE6D0246B80C} = {2AEFCFB0-86AA-47D1-AE8F-D649D3196C0A}
	EndGlobalSection
EndGlobal
